// !$*UTF8*$!
{
	archiveVersion = 1;
	classes = {
	};
	objectVersion = 50;
	objects = {

/* Begin PBXBuildFile section */
		2C807E29238FC98800777041 /* AppDelegate.swift in Sources */ = {isa = PBXBuildFile; fileRef = 2C807E28238FC98800777041 /* AppDelegate.swift */; };
		2C807E2B238FC98800777041 /* SceneDelegate.swift in Sources */ = {isa = PBXBuildFile; fileRef = 2C807E2A238FC98800777041 /* SceneDelegate.swift */; };
		2C807E2D238FC98800777041 /* ViewController.swift in Sources */ = {isa = PBXBuildFile; fileRef = 2C807E2C238FC98800777041 /* ViewController.swift */; };
		2C807E30238FC98800777041 /* Main.storyboard in Resources */ = {isa = PBXBuildFile; fileRef = 2C807E2E238FC98800777041 /* Main.storyboard */; };
		2C807E32238FC98A00777041 /* Assets.xcassets in Resources */ = {isa = PBXBuildFile; fileRef = 2C807E31238FC98A00777041 /* Assets.xcassets */; };
		2C807E35238FC98A00777041 /* LaunchScreen.storyboard in Resources */ = {isa = PBXBuildFile; fileRef = 2C807E33238FC98A00777041 /* LaunchScreen.storyboard */; };
/* End PBXBuildFile section */

/* Begin PBXFileReference section */
		2C807E25238FC98800777041 /* ScreenRecoder.app */ = {isa = PBXFileReference; explicitFileType = wrapper.application; includeInIndex = 0; path = ScreenRecoder.app; sourceTree = BUILT_PRODUCTS_DIR; };
		2C807E28238FC98800777041 /* AppDelegate.swift */ = {isa = PBXFileReference; lastKnownFileType = sourcecode.swift; path = AppDelegate.swift; sourceTree = "<group>"; };
		2C807E2A238FC98800777041 /* SceneDelegate.swift */ = {isa = PBXFileReference; lastKnownFileType = sourcecode.swift; path = SceneDelegate.swift; sourceTree = "<group>"; };
		2C807E2C238FC98800777041 /* ViewController.swift */ = {isa = PBXFileReference; lastKnownFileType = sourcecode.swift; path = ViewController.swift; sourceTree = "<group>"; };
		2C807E2F238FC98800777041 /* Base */ = {isa = PBXFileReference; lastKnownFileType = file.storyboard; name = Base; path = Base.lproj/Main.storyboard; sourceTree = "<group>"; };
		2C807E31238FC98A00777041 /* Assets.xcassets */ = {isa = PBXFileReference; lastKnownFileType = folder.assetcatalog; path = Assets.xcassets; sourceTree = "<group>"; };
		2C807E34238FC98A00777041 /* Base */ = {isa = PBXFileReference; lastKnownFileType = file.storyboard; name = Base; path = Base.lproj/LaunchScreen.storyboard; sourceTree = "<group>"; };
		2C807E36238FC98A00777041 /* Info.plist */ = {isa = PBXFileReference; lastKnownFileType = text.plist.xml; path = Info.plist; sourceTree = "<group>"; };
/* End PBXFileReference section */

/* Begin PBXFrameworksBuildPhase section */
		2C807E22238FC98800777041 /* Frameworks */ = {
			isa = PBXFrameworksBuildPhase;
			buildActionMask = 2147483647;
			files = (
			);
			runOnlyForDeploymentPostprocessing = 0;
		};
/* End PBXFrameworksBuildPhase section */

/* Begin PBXGroup section */
		2C807E1C238FC98800777041 = {
			isa = PBXGroup;
			children = (
				2C807E27238FC98800777041 /* ScreenRecoder */,
				2C807E26238FC98800777041 /* Products */,
			);
			sourceTree = "<group>";
		};
		2C807E26238FC98800777041 /* Products */ = {
			isa = PBXGroup;
			children = (
				2C807E25238FC98800777041 /* ScreenRecoder.app */,
			);
			name = Products;
			sourceTree = "<group>";
		};
		2C807E27238FC98800777041 /* ScreenRecoder */ = {
			isa = PBXGroup;
			children = (
				2C807E28238FC98800777041 /* AppDelegate.swift */,
				2C807E2A238FC98800777041 /* SceneDelegate.swift */,
				2C807E2C238FC98800777041 /* ViewController.swift */,
				2C807E2E238FC98800777041 /* Main.storyboard */,
				2C807E31238FC98A00777041 /* Assets.xcassets */,
				2C807E33238FC98A00777041 /* LaunchScreen.storyboard */,
				2C807E36238FC98A00777041 /* Info.plist */,
			);
			path = ScreenRecoder;
			sourceTree = "<group>";
		};
/* End PBXGroup section */

/* Begin PBXNativeTarget section */
		2C807E24238FC98800777041 /* ScreenRecoder */ = {
			isa = PBXNativeTarget;
			buildConfigurationList = 2C807E39238FC98A00777041 /* Build configuration list for PBXNativeTarget "ScreenRecoder" */;
			buildPhases = (
				2C807E21238FC98800777041 /* Sources */,
				2C807E22238FC98800777041 /* Frameworks */,
				2C807E23238FC98800777041 /* Resources */,
			);
			buildRules = (
			);
			dependencies = (
			);
			name = ScreenRecoder;
			productName = ScreenRecoder;
			productReference = 2C807E25238FC98800777041 /* ScreenRecoder.app */;
			productType = "com.apple.product-type.application";
		};
/* End PBXNativeTarget section */

/* Begin PBXProject section */
		2C807E1D238FC98800777041 /* Project object */ = {
			isa = PBXProject;
			attributes = {
				LastSwiftUpdateCheck = 1120;
				LastUpgradeCheck = 1120;
				ORGANIZATIONNAME = imappUITests;
				TargetAttributes = {
					2C807E24238FC98800777041 = {
						CreatedOnToolsVersion = 11.2.1;
					};
				};
			};
			buildConfigurationList = 2C807E20238FC98800777041 /* Build configuration list for PBXProject "ScreenRecoder" */;
			compatibilityVersion = "Xcode 9.3";
			developmentRegion = en;
			hasScannedForEncodings = 0;
			knownRegions = (
				en,
				Base,
			);
			mainGroup = 2C807E1C238FC98800777041;
			productRefGroup = 2C807E26238FC98800777041 /* Products */;
			projectDirPath = "";
			projectRoot = "";
			targets = (
				2C807E24238FC98800777041 /* ScreenRecoder */,
			);
		};
/* End PBXProject section */

/* Begin PBXResourcesBuildPhase section */
		2C807E23238FC98800777041 /* Resources */ = {
			isa = PBXResourcesBuildPhase;
			buildActionMask = 2147483647;
			files = (
				2C807E35238FC98A00777041 /* LaunchScreen.storyboard in Resources */,
				2C807E32238FC98A00777041 /* Assets.xcassets in Resources */,
				2C807E30238FC98800777041 /* Main.storyboard in Resources */,
			);
			runOnlyForDeploymentPostprocessing = 0;
		};
/* End PBXResourcesBuildPhase section */

/* Begin PBXSourcesBuildPhase section */
		2C807E21238FC98800777041 /* Sources */ = {
			isa = PBXSourcesBuildPhase;
			buildActionMask = 2147483647;
			files = (
				2C807E2D238FC98800777041 /* ViewController.swift in Sources */,
				2C807E29238FC98800777041 /* AppDelegate.swift in Sources */,
				2C807E2B238FC98800777041 /* SceneDelegate.swift in Sources */,
			);
			runOnlyForDeploymentPostprocessing = 0;
		};
/* End PBXSourcesBuildPhase section */

/* Begin PBXVariantGroup section */
		2C807E2E238FC98800777041 /* Main.storyboard */ = {
			isa = PBXVariantGroup;
			children = (
				2C807E2F238FC98800777041 /* Base */,
			);
			name = Main.storyboard;
			sourceTree = "<group>";
		};
		2C807E33238FC98A00777041 /* LaunchScreen.storyboard */ = {
			isa = PBXVariantGroup;
			children = (
				2C807E34238FC98A00777041 /* Base */,
			);
			name = LaunchScreen.storyboard;
			sourceTree = "<group>";
		};
/* End PBXVariantGroup section */

/* Begin XCBuildConfiguration section */
		2C807E37238FC98A00777041 /* Debug */ = {
			isa = XCBuildConfiguration;
			buildSettings = {
				ALWAYS_SEARCH_USER_PATHS = NO;
				CLANG_ANALYZER_NONNULL = YES;
				CLANG_ANALYZER_NUMBER_OBJECT_CONVERSION = YES_AGGRESSIVE;
				CLANG_CXX_LANGUAGE_STANDARD = "gnu++14";
				CLANG_CXX_LIBRARY = "libc++";
				CLANG_ENABLE_MODULES = YES;
				CLANG_ENABLE_OBJC_ARC = YES;
				CLANG_ENABLE_OBJC_WEAK = YES;
				CLANG_WARN_BLOCK_CAPTURE_AUTORELEASING = YES;
				CLANG_WARN_BOOL_CONVERSION = YES;
				CLANG_WARN_COMMA = YES;
				CLANG_WARN_CONSTANT_CONVERSION = YES;
				CLANG_WARN_DEPRECATED_OBJC_IMPLEMENTATIONS = YES;
				CLANG_WARN_DIRECT_OBJC_ISA_USAGE = YES_ERROR;
				CLANG_WARN_DOCUMENTATION_COMMENTS = YES;
				CLANG_WARN_EMPTY_BODY = YES;
				CLANG_WARN_ENUM_CONVERSION = YES;
				CLANG_WARN_INFINITE_RECURSION = YES;
				CLANG_WARN_INT_CONVERSION = YES;
				CLANG_WARN_NON_LITERAL_NULL_CONVERSION = YES;
				CLANG_WARN_OBJC_IMPLICIT_RETAIN_SELF = YES;
				CLANG_WARN_OBJC_LITERAL_CONVERSION = YES;
				CLANG_WARN_OBJC_ROOT_CLASS = YES_ERROR;
				CLANG_WARN_RANGE_LOOP_ANALYSIS = YES;
				CLANG_WARN_STRICT_PROTOTYPES = YES;
				CLANG_WARN_SUSPICIOUS_MOVE = YES;
				CLANG_WARN_UNGUARDED_AVAILABILITY = YES_AGGRESSIVE;
				CLANG_WARN_UNREACHABLE_CODE = YES;
				CLANG_WARN__DUPLICATE_METHOD_MATCH = YES;
				COPY_PHASE_STRIP = NO;
				DEBUG_INFORMATION_FORMAT = dwarf;
				ENABLE_STRICT_OBJC_MSGSEND = YES;
				ENABLE_TESTABILITY = YES;
				GCC_C_LANGUAGE_STANDARD = gnu11;
				GCC_DYNAMIC_NO_PIC = NO;
				GCC_NO_COMMON_BLOCKS = YES;
				GCC_OPTIMIZATION_LEVEL = 0;
				GCC_PREPROCESSOR_DEFINITIONS = (
					"DEBUG=1",
					"$(inherited)",
				);
				GCC_WARN_64_TO_32_BIT_CONVERSION = YES;
				GCC_WARN_ABOUT_RETURN_TYPE = YES_ERROR;
				GCC_WARN_UNDECLARED_SELECTOR = YES;
				GCC_WARN_UNINITIALIZED_AUTOS = YES_AGGRESSIVE;
				GCC_WARN_UNUSED_FUNCTION = YES;
				GCC_WARN_UNUSED_VARIABLE = YES;
				IPHONEOS_DEPLOYMENT_TARGET = 13.2;
				MTL_ENABLE_DEBUG_INFO = INCLUDE_SOURCE;
				MTL_FAST_MATH = YES;
				ONLY_ACTIVE_ARCH = YES;
				SDKROOT = iphoneos;
				SWIFT_ACTIVE_COMPILATION_CONDITIONS = DEBUG;
				SWIFT_OPTIMIZATION_LEVEL = "-Onone";
			};
			name = Debug;
		};
		2C807E38238FC98A00777041 /* Release */ = {
			isa = XCBuildConfiguration;
			buildSettings = {
				ALWAYS_SEARCH_USER_PATHS = NO;
				CLANG_ANALYZER_NONNULL = YES;
				CLANG_ANALYZER_NUMBER_OBJECT_CONVERSION = YES_AGGRESSIVE;
				CLANG_CXX_LANGUAGE_STANDARD = "gnu++14";
				CLANG_CXX_LIBRARY = "libc++";
				CLANG_ENABLE_MODULES = YES;
				CLANG_ENABLE_OBJC_ARC = YES;
				CLANG_ENABLE_OBJC_WEAK = YES;
				CLANG_WARN_BLOCK_CAPTURE_AUTORELEASING = YES;
				CLANG_WARN_BOOL_CONVERSION = YES;
				CLANG_WARN_COMMA = YES;
				CLANG_WARN_CONSTANT_CONVERSION = YES;
				CLANG_WARN_DEPRECATED_OBJC_IMPLEMENTATIONS = YES;
				CLANG_WARN_DIRECT_OBJC_ISA_USAGE = YES_ERROR;
				CLANG_WARN_DOCUMENTATION_COMMENTS = YES;
				CLANG_WARN_EMPTY_BODY = YES;
				CLANG_WARN_ENUM_CONVERSION = YES;
				CLANG_WARN_INFINITE_RECURSION = YES;
				CLANG_WARN_INT_CONVERSION = YES;
				CLANG_WARN_NON_LITERAL_NULL_CONVERSION = YES;
				CLANG_WARN_OBJC_IMPLICIT_RETAIN_SELF = YES;
				CLANG_WARN_OBJC_LITERAL_CONVERSION = YES;
				CLANG_WARN_OBJC_ROOT_CLASS = YES_ERROR;
				CLANG_WARN_RANGE_LOOP_ANALYSIS = YES;
				CLANG_WARN_STRICT_PROTOTYPES = YES;
				CLANG_WARN_SUSPICIOUS_MOVE = YES;
				CLANG_WARN_UNGUARDED_AVAILABILITY = YES_AGGRESSIVE;
				CLANG_WARN_UNREACHABLE_CODE = YES;
				CLANG_WARN__DUPLICATE_METHOD_MATCH = YES;
				COPY_PHASE_STRIP = NO;
				DEBUG_INFORMATION_FORMAT = "dwarf-with-dsym";
				ENABLE_NS_ASSERTIONS = NO;
				ENABLE_STRICT_OBJC_MSGSEND = YES;
				GCC_C_LANGUAGE_STANDARD = gnu11;
				GCC_NO_COMMON_BLOCKS = YES;
				GCC_WARN_64_TO_32_BIT_CONVERSION = YES;
				GCC_WARN_ABOUT_RETURN_TYPE = YES_ERROR;
				GCC_WARN_UNDECLARED_SELECTOR = YES;
				GCC_WARN_UNINITIALIZED_AUTOS = YES_AGGRESSIVE;
				GCC_WARN_UNUSED_FUNCTION = YES;
				GCC_WARN_UNUSED_VARIABLE = YES;
				IPHONEOS_DEPLOYMENT_TARGET = 13.2;
				MTL_ENABLE_DEBUG_INFO = NO;
				MTL_FAST_MATH = YES;
				SDKROOT = iphoneos;
				SWIFT_COMPILATION_MODE = wholemodule;
				SWIFT_OPTIMIZATION_LEVEL = "-O";
				VALIDATE_PRODUCT = YES;
			};
			name = Release;
		};
		2C807E3A238FC98A00777041 /* Debug */ = {
			isa = XCBuildConfiguration;
			buildSettings = {
				ASSETCATALOG_COMPILER_APPICON_NAME = AppIcon;
				CODE_SIGN_STYLE = Automatic;
				DEVELOPMENT_TEAM = W6K7F9HNX5;
				INFOPLIST_FILE = ScreenRecoder/Info.plist;
				LD_RUNPATH_SEARCH_PATHS = (
					"$(inherited)",
					"@executable_path/Frameworks",
				);
				PRODUCT_BUNDLE_IDENTIFIER = com.tomas.screenrecoder.ScreenRecoder;
				PRODUCT_NAME = "$(TARGET_NAME)";
				SWIFT_VERSION = 5.0;
				TARGETED_DEVICE_FAMILY = "1,2";
			};
			name = Debug;
		};
		2C807E3B238FC98A00777041 /* Release */ = {
			isa = XCBuildConfiguration;
			buildSettings = {
				ASSETCATALOG_COMPILER_APPICON_NAME = AppIcon;
				CODE_SIGN_STYLE = Automatic;
				DEVELOPMENT_TEAM = W6K7F9HNX5;
				INFOPLIST_FILE = ScreenRecoder/Info.plist;
				LD_RUNPATH_SEARCH_PATHS = (
					"$(inherited)",
					"@executable_path/Frameworks",
				);
				PRODUCT_BUNDLE_IDENTIFIER = com.tomas.screenrecoder.ScreenRecoder;
				PRODUCT_NAME = "$(TARGET_NAME)";
				SWIFT_VERSION = 5.0;
				TARGETED_DEVICE_FAMILY = "1,2";
			};
			name = Release;
		};
/* End XCBuildConfiguration section */

/* Begin XCConfigurationList section */
		2C807E20238FC98800777041 /* Build configuration list for PBXProject "ScreenRecoder" */ = {
			isa = XCConfigurationList;
			buildConfigurations = (
				2C807E37238FC98A00777041 /* Debug */,
				2C807E38238FC98A00777041 /* Release */,
			);
			defaultConfigurationIsVisible = 0;
			defaultConfigurationName = Release;
		};
		2C807E39238FC98A00777041 /* Build configuration list for PBXNativeTarget "ScreenRecoder" */ = {
			isa = XCConfigurationList;
			buildConfigurations = (
				2C807E3A238FC98A00777041 /* Debug */,
				2C807E3B238FC98A00777041 /* Release */,
			);
			defaultConfigurationIsVisible = 0;
			defaultConfigurationName = Release;
		};
/* End XCConfigurationList section */
	};
	rootObject = 2C807E1D238FC98800777041 /* Project object */;
}
